
Microsoft Visual Studio Solution File, Format Version 12.00
# Visual Studio Version 17
VisualStudioVersion = 17.6.33712.159
MinimumVisualStudioVersion = 10.0.40219.1
Project("{8BC9CEB8-8B4A-11D0-8D11-00A0C91BC942}") = "CPP_PROJECT", "CPP_PROJECT\CPP_PROJECT.vcxproj", "{9CD57A30-19FC-4D9D-9C4D-446E56C27C66}"
EndProject
Global
	GlobalSection(SolutionConfigurationPlatforms) = preSolution
		Debug|x64 = Debug|x64
		Debug|x86 = Debug|x86
		Release|x64 = Release|x64
		Release|x86 = Release|x86
	EndGlobalSection
	GlobalSection(ProjectConfigurationPlatforms) = postSolution
		{9CD57A30-19FC-4D9D-9C4D-446E56C27C66}.Debug|x64.ActiveCfg = Debug|x64
		{9CD57A30-19FC-4D9D-9C4D-446E56C27C66}.Debug|x64.Build.0 = Debug|x64
		{9CD57A30-19FC-4D9D-9C4D-446E56C27C66}.Debug|x86.ActiveCfg = Debug|Win32
		{9CD57A30-19FC-4D9D-9C4D-446E56C27C66}.Debug|x86.Build.0 = Debug|Win32
		{9CD57A30-19FC-4D9D-9C4D-446E56C27C66}.Release|x64.ActiveCfg = Release|x64
		{9CD57A30-19FC-4D9D-9C4D-446E56C27C66}.Release|x64.Build.0 = Release|x64
		{9CD57A30-19FC-4D9D-9C4D-446E56C27C66}.Release|x86.ActiveCfg = Release|Win32
		{9CD57A30-19FC-4D9D-9C4D-446E56C27C66}.Release|x86.Build.0 = Release|Win32
	EndGlobalSection
	GlobalSection(SolutionProperties) = preSolution
		HideSolutionNode = FALSE
	EndGlobalSection
	GlobalSection(ExtensibilityGlobals) = postSolution
		SolutionGuid = {74D3D8CC-3A9D-49ED-A9D1-6C0CCC50BA70}
	EndGlobalSection
EndGlobal
